
Microsoft Visual Studio Solution File, Format Version 12.00
# Visual Studio Version 16
VisualStudioVersion = 16.0.31911.196
MinimumVisualStudioVersion = 10.0.40219.1
Project("{9A19103F-16F7-4668-BE54-9A1E7A4F7556}") = "Calculator", "Calculator\Calculator.csproj", "{DB541139-2748-48F3-955C-A14ED7FA8A9F}"
EndProject
Project("{FAE04EC0-301F-11D3-BF4B-00C04F79EFBC}") = "CalculatorLibrary", "CalculatorLibrary\CalculatorLibrary.csproj", "{CFAB790B-3F54-421D-AC34-499E04A3463C}"
EndProject
Global
	GlobalSection(SolutionConfigurationPlatforms) = preSolution
		Debug|Any CPU = Debug|Any CPU
		Release|Any CPU = Release|Any CPU
	EndGlobalSection
	GlobalSection(ProjectConfigurationPlatforms) = postSolution
		{DB541139-2748-48F3-955C-A14ED7FA8A9F}.Debug|Any CPU.ActiveCfg = Debug|Any CPU
		{DB541139-2748-48F3-955C-A14ED7FA8A9F}.Debug|Any CPU.Build.0 = Debug|Any CPU
		{DB541139-2748-48F3-955C-A14ED7FA8A9F}.Release|Any CPU.ActiveCfg = Release|Any CPU
		{DB541139-2748-48F3-955C-A14ED7FA8A9F}.Release|Any CPU.Build.0 = Release|Any CPU
		{CFAB790B-3F54-421D-AC34-499E04A3463C}.Debug|Any CPU.ActiveCfg = Debug|Any CPU
		{CFAB790B-3F54-421D-AC34-499E04A3463C}.Debug|Any CPU.Build.0 = Debug|Any CPU
		{CFAB790B-3F54-421D-AC34-499E04A3463C}.Release|Any CPU.ActiveCfg = Release|Any CPU
		{CFAB790B-3F54-421D-AC34-499E04A3463C}.Release|Any CPU.Build.0 = Release|Any CPU
	EndGlobalSection
	GlobalSection(SolutionProperties) = preSolution
		HideSolutionNode = FALSE
	EndGlobalSection
	GlobalSection(ExtensibilityGlobals) = postSolution
		SolutionGuid = {1C7C50F5-DF22-4A38-8F63-D1D8837BFBF4}
	EndGlobalSection
EndGlobal
